{
  "name": "ativos-pge",
  "lockfileVersion": 2,
  "requires": true,
  "packages": {
    "": {
      "name": "ativos-pge",
      "dependencies": {
        "@fortawesome/fontawesome-free": "^6.2.0",
        "@ttskch/select2-bootstrap4-theme": "^1.5.2",
        "bootstrap": "4.6.0",
        "bootstrap-growl-ifightcrime": "^1.1.0",
        "inputmask": "^5.0.8-beta.47",
        "jquery": "3.6.0",
        "jquery-easing": "^0.0.1",
        "jquery.easing": "1.4.1",
        "popper.js": "^1.16.1",
        "select2-theme-bootstrap4": "^1.0.1"
      }
    },
    "node_modules/@fortawesome/fontawesome-free": {
      "version": "6.2.0",
      "resolved": "https://registry.npmjs.org/@fortawesome/fontawesome-free/-/fontawesome-free-6.2.0.tgz",
      "integrity": "sha512-CNR7qRIfCwWHNN7FnKUniva94edPdyQzil/zCwk3v6k4R6rR2Fr8i4s3PM7n/lyfPA6Zfko9z5WDzFxG9SW1uQ==",
      "hasInstallScript": true,
      "engines": {
        "node": ">=6"
      }
    },
    "node_modules/@ttskch/select2-bootstrap4-theme": {
      "version": "1.5.2",
      "resolved": "https://registry.npmjs.org/@ttskch/select2-bootstrap4-theme/-/select2-bootstrap4-theme-1.5.2.tgz",
      "integrity": "sha512-gAj8qNy/VYwQDBkACm0USM66kxFai8flX83ayRXPNhzZckEgSqIBB9sM74SCM3ssgeX+ZVy4BifTnLis+KpIyg=="
    },
    "node_modules/bootstrap": {
      "version": "4.6.0",
      "resolved": "https://registry.npmjs.org/bootstrap/-/bootstrap-4.6.0.tgz",
      "integrity": "sha512-Io55IuQY3kydzHtbGvQya3H+KorS/M9rSNyfCGCg9WZ4pyT/lCxIlpJgG1GXW/PswzC84Tr2fBYi+7+jFVQQBw==",
      "license": "MIT",
      "funding": {
        "type": "opencollective",
        "url": "https://opencollective.com/bootstrap"
      },
      "peerDependencies": {
        "jquery": "1.9.1 - 3",
        "popper.js": "^1.16.1"
      }
    },
    "node_modules/bootstrap-growl-ifightcrime": {
      "version": "1.1.0",
      "resolved": "https://registry.npmjs.org/bootstrap-growl-ifightcrime/-/bootstrap-growl-ifightcrime-1.1.0.tgz",
      "integrity": "sha1-P4PBK9KSgTFVgKBewThB1gAxU54=",
      "license": "MIT"
    },
    "node_modules/inputmask": {
      "version": "5.0.8-beta.47",
      "resolved": "https://registry.npmjs.org/inputmask/-/inputmask-5.0.8-beta.47.tgz",
      "integrity": "sha512-muLaYYIXUcncsN43gb5MJwguik2aIwCbVpphdK/jic3FqRUj4COyEsnTuOWz9kkyjECdAvtErc9I/7c2LYYzhw=="
    },
    "node_modules/jquery": {
      "version": "3.6.0",
      "resolved": "https://registry.npmjs.org/jquery/-/jquery-3.6.0.tgz",
      "integrity": "sha512-JVzAR/AjBvVt2BmYhxRCSYysDsPcssdmTFnzyLEts9qNwmjmu4JTAMYubEfwVOSwpQ1I1sKKFcxhZCI2buerfw==",
      "license": "MIT"
    },
    "node_modules/jquery-easing": {
      "version": "0.0.1",
      "resolved": "https://registry.npmjs.org/jquery-easing/-/jquery-easing-0.0.1.tgz",
      "integrity": "sha1-s8N1JbVXNNwe4a0JtsM3MYdodxU=",
      "license": "LicenseRef-LICENSE",
      "dependencies": {
        "jquery": "*"
      }
    },
    "node_modules/jquery.easing": {
      "version": "1.4.1",
      "resolved": "https://registry.npmjs.org/jquery.easing/-/jquery.easing-1.4.1.tgz",
      "integrity": "sha1-R5gsWDa9dY/UhJSSPEoQHvbpPjs=",
      "license": "BSD-3-Clause"
    },
    "node_modules/popper.js": {
      "version": "1.16.1",
      "resolved": "https://registry.npmjs.org/popper.js/-/popper.js-1.16.1.tgz",
      "integrity": "sha512-Wb4p1J4zyFTbM+u6WuO4XstYx4Ky9Cewe4DWrel7B0w6VVICvPwdOpotjzcf6eD8TsckVnIMNONQyPIUFOUbCQ==",
      "license": "MIT",
      "funding": {
        "type": "opencollective",
        "url": "https://opencollective.com/popperjs"
      }
    },
    "node_modules/select2-theme-bootstrap4": {
      "version": "1.0.2",
      "resolved": "https://registry.npmjs.org/select2-theme-bootstrap4/-/select2-theme-bootstrap4-1.0.2.tgz",
      "integrity": "sha512-/tAPPIIAzjsywl78lFfu7YopFnL9HjnM2pxaYxju38ZBBW5tqK9eollhFJJqBCSa+gLJT9uP2iFt6vJYw5REmw=="
    }
  },
  "dependencies": {
    "@fortawesome/fontawesome-free": {
      "version": "6.2.0",
      "resolved": "https://registry.npmjs.org/@fortawesome/fontawesome-free/-/fontawesome-free-6.2.0.tgz",
      "integrity": "sha512-CNR7qRIfCwWHNN7FnKUniva94edPdyQzil/zCwk3v6k4R6rR2Fr8i4s3PM7n/lyfPA6Zfko9z5WDzFxG9SW1uQ=="
    },
    "@ttskch/select2-bootstrap4-theme": {
      "version": "1.5.2",
      "resolved": "https://registry.npmjs.org/@ttskch/select2-bootstrap4-theme/-/select2-bootstrap4-theme-1.5.2.tgz",
      "integrity": "sha512-gAj8qNy/VYwQDBkACm0USM66kxFai8flX83ayRXPNhzZckEgSqIBB9sM74SCM3ssgeX+ZVy4BifTnLis+KpIyg=="
    },
    "bootstrap": {
      "version": "4.6.0",
      "resolved": "https://registry.npmjs.org/bootstrap/-/bootstrap-4.6.0.tgz",
      "integrity": "sha512-Io55IuQY3kydzHtbGvQya3H+KorS/M9rSNyfCGCg9WZ4pyT/lCxIlpJgG1GXW/PswzC84Tr2fBYi+7+jFVQQBw==",
      "requires": {}
    },
    "bootstrap-growl-ifightcrime": {
      "version": "1.1.0",
      "resolved": "https://registry.npmjs.org/bootstrap-growl-ifightcrime/-/bootstrap-growl-ifightcrime-1.1.0.tgz",
      "integrity": "sha1-P4PBK9KSgTFVgKBewThB1gAxU54="
    },
    "inputmask": {
      "version": "5.0.8-beta.47",
      "resolved": "https://registry.npmjs.org/inputmask/-/inputmask-5.0.8-beta.47.tgz",
      "integrity": "sha512-muLaYYIXUcncsN43gb5MJwguik2aIwCbVpphdK/jic3FqRUj4COyEsnTuOWz9kkyjECdAvtErc9I/7c2LYYzhw=="
    },
    "jquery": {
      "version": "3.6.0",
      "resolved": "https://registry.npmjs.org/jquery/-/jquery-3.6.0.tgz",
      "integrity": "sha512-JVzAR/AjBvVt2BmYhxRCSYysDsPcssdmTFnzyLEts9qNwmjmu4JTAMYubEfwVOSwpQ1I1sKKFcxhZCI2buerfw=="
    },
    "jquery-easing": {
      "version": "0.0.1",
      "resolved": "https://registry.npmjs.org/jquery-easing/-/jquery-easing-0.0.1.tgz",
      "integrity": "sha1-s8N1JbVXNNwe4a0JtsM3MYdodxU=",
      "requires": {
        "jquery": "*"
      }
    },
    "jquery.easing": {
      "version": "1.4.1",
      "resolved": "https://registry.npmjs.org/jquery.easing/-/jquery.easing-1.4.1.tgz",
      "integrity": "sha1-R5gsWDa9dY/UhJSSPEoQHvbpPjs="
    },
    "popper.js": {
      "version": "1.16.1",
      "resolved": "https://registry.npmjs.org/popper.js/-/popper.js-1.16.1.tgz",
      "integrity": "sha512-Wb4p1J4zyFTbM+u6WuO4XstYx4Ky9Cewe4DWrel7B0w6VVICvPwdOpotjzcf6eD8TsckVnIMNONQyPIUFOUbCQ=="
    },
    "select2-theme-bootstrap4": {
      "version": "1.0.2",
      "resolved": "https://registry.npmjs.org/select2-theme-bootstrap4/-/select2-theme-bootstrap4-1.0.2.tgz",
      "integrity": "sha512-/tAPPIIAzjsywl78lFfu7YopFnL9HjnM2pxaYxju38ZBBW5tqK9eollhFJJqBCSa+gLJT9uP2iFt6vJYw5REmw=="
    }
  }
}
